# This file is automatically @generated by Cargo.
# It is not intended for manual editing.
version = 4

[[package]]
name = "adam_ast"
version = "0.1.0"

[[package]]
name = "adam_borrow"
version = "0.1.0"
dependencies = [
 "adam_ast",
 "adam_types",
]

[[package]]
name = "adam_cli"
version = "0.1.0"
dependencies = [
 "adam_ast",
 "adam_borrow",
 "adam_codegen",
 "adam_ir",
 "adam_lexer",
 "adam_parser",
 "adam_resolve",
 "adam_types",
]

[[package]]
name = "adam_codegen"
version = "0.1.0"
dependencies = [
 "adam_ir",
 "adam_types",
]

[[package]]
name = "adam_ir"
version = "0.1.0"
dependencies = [
 "adam_ast",
 "adam_types",
]

[[package]]
name = "adam_lexer"
version = "0.1.0"

[[package]]
name = "adam_lsp"
version = "0.1.0"
dependencies = [
 "adam_ast",
 "adam_lexer",
 "adam_parser",
 "adam_resolve",
 "adam_types",
]

[[package]]
name = "adam_parser"
version = "0.1.0"
dependencies = [
 "adam_ast",
 "adam_lexer",
]

[[package]]
name = "adam_resolve"
version = "0.1.0"
dependencies = [
 "adam_ast",
]

[[package]]
name = "adam_runtime"
version = "0.1.0"

[[package]]
name = "adam_std"
version = "0.1.0"
dependencies = [
 "adam_runtime",
]

[[package]]
name = "adam_types"
version = "0.1.0"
dependencies = [
 "adam_ast",
 "adam_resolve",
]

[[package]]
name = "adam_ui"
version = "0.1.0"
dependencies = [
 "adam_runtime",
]
